
Microsoft Visual Studio Solution File, Format Version 12.00
# Visual Studio Version 16
VisualStudioVersion = 16.0.30907.101
MinimumVisualStudioVersion = 10.0.40219.1
Project("{FAE04EC0-301F-11D3-BF4B-00C04F79EFBC}") = "CIKuppgift3", "CIKuppgift3.csproj", "{F8D903BE-9E7E-4C6B-87C1-F7AA1C7FEF40}"
EndProject
Project("{FAE04EC0-301F-11D3-BF4B-00C04F79EFBC}") = "CIKuppgift3.Tests", "CIKuppgift3.Tests\CIKuppgift3.Tests.csproj", "{8CA3CA5A-FF65-4A0D-8D3D-448CBFBA2721}"
EndProject
Global
	GlobalSection(SolutionConfigurationPlatforms) = preSolution
		Debug|Any CPU = Debug|Any CPU
		Release|Any CPU = Release|Any CPU
	EndGlobalSection
	GlobalSection(ProjectConfigurationPlatforms) = postSolution
		{F8D903BE-9E7E-4C6B-87C1-F7AA1C7FEF40}.Debug|Any CPU.ActiveCfg = Debug|Any CPU
		{F8D903BE-9E7E-4C6B-87C1-F7AA1C7FEF40}.Debug|Any CPU.Build.0 = Debug|Any CPU
		{F8D903BE-9E7E-4C6B-87C1-F7AA1C7FEF40}.Release|Any CPU.ActiveCfg = Release|Any CPU
		{F8D903BE-9E7E-4C6B-87C1-F7AA1C7FEF40}.Release|Any CPU.Build.0 = Release|Any CPU
		{8CA3CA5A-FF65-4A0D-8D3D-448CBFBA2721}.Debug|Any CPU.ActiveCfg = Debug|Any CPU
		{8CA3CA5A-FF65-4A0D-8D3D-448CBFBA2721}.Debug|Any CPU.Build.0 = Debug|Any CPU
		{8CA3CA5A-FF65-4A0D-8D3D-448CBFBA2721}.Release|Any CPU.ActiveCfg = Release|Any CPU
		{8CA3CA5A-FF65-4A0D-8D3D-448CBFBA2721}.Release|Any CPU.Build.0 = Release|Any CPU
	EndGlobalSection
	GlobalSection(SolutionProperties) = preSolution
		HideSolutionNode = FALSE
	EndGlobalSection
	GlobalSection(ExtensibilityGlobals) = postSolution
		SolutionGuid = {5AA1A5D1-5C33-4EE8-B518-1ABD3D77EE2C}
	EndGlobalSection
EndGlobal
